
Microsoft Visual Studio Solution File, Format Version 12.00
# Visual Studio Version 17
VisualStudioVersion = 17.6.33829.357
MinimumVisualStudioVersion = 10.0.40219.1
Project("{FAE04EC0-301F-11D3-BF4B-00C04F79EFBC}") = "AdminAPI", "AdminAPI\AdminAPI.csproj", "{87198DBE-7064-444E-AC95-470A26468711}"
EndProject
Project("{FAE04EC0-301F-11D3-BF4B-00C04F79EFBC}") = "Admin.Domain", "Admin.Domain\Admin.Domain.csproj", "{287499CE-651F-4D8D-A308-3D492EC8031B}"
EndProject
Project("{FAE04EC0-301F-11D3-BF4B-00C04F79EFBC}") = "Admin.Repository", "Admin.Repository\Admin.Repository.csproj", "{1F7B3928-F766-436A-B102-331FEB9FC54C}"
EndProject
Project("{FAE04EC0-301F-11D3-BF4B-00C04F79EFBC}") = "Admin.Application", "Admin.Application\Admin.Application.csproj", "{BA4719C7-B11C-4D0A-82D4-3F8D634007A2}"
EndProject
Global
	GlobalSection(SolutionConfigurationPlatforms) = preSolution
		Debug|Any CPU = Debug|Any CPU
		Release|Any CPU = Release|Any CPU
	EndGlobalSection
	GlobalSection(ProjectConfigurationPlatforms) = postSolution
		{87198DBE-7064-444E-AC95-470A26468711}.Debug|Any CPU.ActiveCfg = Debug|Any CPU
		{87198DBE-7064-444E-AC95-470A26468711}.Debug|Any CPU.Build.0 = Debug|Any CPU
		{87198DBE-7064-444E-AC95-470A26468711}.Release|Any CPU.ActiveCfg = Release|Any CPU
		{87198DBE-7064-444E-AC95-470A26468711}.Release|Any CPU.Build.0 = Release|Any CPU
		{287499CE-651F-4D8D-A308-3D492EC8031B}.Debug|Any CPU.ActiveCfg = Debug|Any CPU
		{287499CE-651F-4D8D-A308-3D492EC8031B}.Debug|Any CPU.Build.0 = Debug|Any CPU
		{287499CE-651F-4D8D-A308-3D492EC8031B}.Release|Any CPU.ActiveCfg = Release|Any CPU
		{287499CE-651F-4D8D-A308-3D492EC8031B}.Release|Any CPU.Build.0 = Release|Any CPU
		{1F7B3928-F766-436A-B102-331FEB9FC54C}.Debug|Any CPU.ActiveCfg = Debug|Any CPU
		{1F7B3928-F766-436A-B102-331FEB9FC54C}.Debug|Any CPU.Build.0 = Debug|Any CPU
		{1F7B3928-F766-436A-B102-331FEB9FC54C}.Release|Any CPU.ActiveCfg = Release|Any CPU
		{1F7B3928-F766-436A-B102-331FEB9FC54C}.Release|Any CPU.Build.0 = Release|Any CPU
		{BA4719C7-B11C-4D0A-82D4-3F8D634007A2}.Debug|Any CPU.ActiveCfg = Debug|Any CPU
		{BA4719C7-B11C-4D0A-82D4-3F8D634007A2}.Debug|Any CPU.Build.0 = Debug|Any CPU
		{BA4719C7-B11C-4D0A-82D4-3F8D634007A2}.Release|Any CPU.ActiveCfg = Release|Any CPU
		{BA4719C7-B11C-4D0A-82D4-3F8D634007A2}.Release|Any CPU.Build.0 = Release|Any CPU
	EndGlobalSection
	GlobalSection(SolutionProperties) = preSolution
		HideSolutionNode = FALSE
	EndGlobalSection
	GlobalSection(ExtensibilityGlobals) = postSolution
		SolutionGuid = {2E92EE50-F350-4CC8-831B-6B99E48C21CA}
	EndGlobalSection
EndGlobal
